
Microsoft Visual Studio Solution File, Format Version 12.00
# Visual Studio Version 17
VisualStudioVersion = 17.12.35707.178
MinimumVisualStudioVersion = 10.0.40219.1
Project("{FAE04EC0-301F-11D3-BF4B-00C04F79EFBC}") = "HDRPriorityViewer", "HDRPriorityViewer.csproj", "{301A067B-E08E-50D3-7C6D-35B9D272653D}"
EndProject
Project("{FAE04EC0-301F-11D3-BF4B-00C04F79EFBC}") = "WaapiClientCore", "..\WaapiClientCore\WaapiClientCore.csproj", "{BF45323C-2BD1-9F00-34E2-22F5A0ECFB00}"
EndProject
Project("{FAE04EC0-301F-11D3-BF4B-00C04F79EFBC}") = "WaapiClientJson", "..\WaapiClientJson\WaapiClientJson.csproj", "{102D363C-7CB8-A300-85C9-26F5F1D3FF00}"
EndProject
Global
	GlobalSection(SolutionConfigurationPlatforms) = preSolution
		Debug|Any CPU = Debug|Any CPU
		Release|Any CPU = Release|Any CPU
	EndGlobalSection
	GlobalSection(ProjectConfigurationPlatforms) = postSolution
		{301A067B-E08E-50D3-7C6D-35B9D272653D}.Debug|Any CPU.ActiveCfg = Debug|Any CPU
		{301A067B-E08E-50D3-7C6D-35B9D272653D}.Debug|Any CPU.Build.0 = Debug|Any CPU
		{301A067B-E08E-50D3-7C6D-35B9D272653D}.Release|Any CPU.ActiveCfg = Release|Any CPU
		{301A067B-E08E-50D3-7C6D-35B9D272653D}.Release|Any CPU.Build.0 = Release|Any CPU
		{BF45323C-2BD1-9F00-34E2-22F5A0ECFB00}.Debug|Any CPU.ActiveCfg = Debug|Any CPU
		{BF45323C-2BD1-9F00-34E2-22F5A0ECFB00}.Debug|Any CPU.Build.0 = Debug|Any CPU
		{BF45323C-2BD1-9F00-34E2-22F5A0ECFB00}.Release|Any CPU.ActiveCfg = Release|Any CPU
		{BF45323C-2BD1-9F00-34E2-22F5A0ECFB00}.Release|Any CPU.Build.0 = Release|Any CPU
		{102D363C-7CB8-A300-85C9-26F5F1D3FF00}.Debug|Any CPU.ActiveCfg = Debug|Any CPU
		{102D363C-7CB8-A300-85C9-26F5F1D3FF00}.Debug|Any CPU.Build.0 = Debug|Any CPU
		{102D363C-7CB8-A300-85C9-26F5F1D3FF00}.Release|Any CPU.ActiveCfg = Release|Any CPU
		{102D363C-7CB8-A300-85C9-26F5F1D3FF00}.Release|Any CPU.Build.0 = Release|Any CPU
	EndGlobalSection
	GlobalSection(SolutionProperties) = preSolution
		HideSolutionNode = FALSE
	EndGlobalSection
	GlobalSection(ExtensibilityGlobals) = postSolution
		        SolutionGuid = {E2F8F49F-E10E-4278-87D3-8AD53743323B}
	EndGlobalSection
EndGlobal
